{
  "name": "tong-yang-portfolio",
  "version": "1.0.0",
  "lockfileVersion": 2,
  "requires": true,
  "packages": {}
}
```

Then commit it. But actually, an even simpler fix is to just update the `deploy.yml` to use `npm install` instead of `npm ci`. 

Go to `.github/workflows/deploy.yml`, click the **pencil icon** to edit, find the line that says:
```
run: npm ci
```
and change it back to:
```
run: npm install
